
Microsoft Visual Studio Solution File, Format Version 12.00
# Visual Studio Version 16
VisualStudioVersion = 16.0.29001.49
MinimumVisualStudioVersion = 10.0.40219.1
Project("{FAE04EC0-301F-11D3-BF4B-00C04F79EFBC}") = "ConsoleAppMyFirstClass", "ConsoleAppMyFirstClass\ConsoleAppMyFirstClass.csproj", "{52AAE2C0-6226-4F4C-ADCA-81D66F09B47C}"
EndProject
Global
	GlobalSection(SolutionConfigurationPlatforms) = preSolution
		Debug|Any CPU = Debug|Any CPU
		Release|Any CPU = Release|Any CPU
	EndGlobalSection
	GlobalSection(ProjectConfigurationPlatforms) = postSolution
		{52AAE2C0-6226-4F4C-ADCA-81D66F09B47C}.Debug|Any CPU.ActiveCfg = Debug|Any CPU
		{52AAE2C0-6226-4F4C-ADCA-81D66F09B47C}.Debug|Any CPU.Build.0 = Debug|Any CPU
		{52AAE2C0-6226-4F4C-ADCA-81D66F09B47C}.Release|Any CPU.ActiveCfg = Release|Any CPU
		{52AAE2C0-6226-4F4C-ADCA-81D66F09B47C}.Release|Any CPU.Build.0 = Release|Any CPU
	EndGlobalSection
	GlobalSection(SolutionProperties) = preSolution
		HideSolutionNode = FALSE
	EndGlobalSection
	GlobalSection(ExtensibilityGlobals) = postSolution
		SolutionGuid = {D2310D15-BD12-403A-A7C2-8EA10CC86A20}
	EndGlobalSection
EndGlobal
